// !$*UTF8*$!
{
	archiveVersion = 1;
	classes = {
	};
	objectVersion = 46;
	objects = {

/* Begin PBXBuildFile section */
		49836BB81EB2D2673CD31F6C /* Pods_eCommerceApps.framework in Frameworks */ = {isa = PBXBuildFile; fileRef = 2DA30FDA72A2367E34D43F8C /* Pods_eCommerceApps.framework */; };
		A9DDB75FB17064EA4F8D343E /* Pods_eCommerceAppsUITests.framework in Frameworks */ = {isa = PBXBuildFile; fileRef = 21F21AAB149F8A889C217A19 /* Pods_eCommerceAppsUITests.framework */; };
		CF514A011E39EBAD0072889C /* AppDelegate.swift in Sources */ = {isa = PBXBuildFile; fileRef = CF514A001E39EBAD0072889C /* AppDelegate.swift */; };
		CF514A031E39EBAD0072889C /* HomeViewController.swift in Sources */ = {isa = PBXBuildFile; fileRef = CF514A021E39EBAD0072889C /* HomeViewController.swift */; };
		CF514A061E39EBAD0072889C /* Main.storyboard in Resources */ = {isa = PBXBuildFile; fileRef = CF514A041E39EBAD0072889C /* Main.storyboard */; };
		CF514A081E39EBAE0072889C /* Assets.xcassets in Resources */ = {isa = PBXBuildFile; fileRef = CF514A071E39EBAE0072889C /* Assets.xcassets */; };
		CF514A0B1E39EBAE0072889C /* LaunchScreen.storyboard in Resources */ = {isa = PBXBuildFile; fileRef = CF514A091E39EBAE0072889C /* LaunchScreen.storyboard */; };
		CF514A161E39EBAE0072889C /* eCommerceAppsTests.swift in Sources */ = {isa = PBXBuildFile; fileRef = CF514A151E39EBAE0072889C /* eCommerceAppsTests.swift */; };
		CF514A211E39EBAE0072889C /* eCommerceAppsUITests.swift in Sources */ = {isa = PBXBuildFile; fileRef = CF514A201E39EBAE0072889C /* eCommerceAppsUITests.swift */; };
		CF514A331E39F3340072889C /* ShoppingCartVC.swift in Sources */ = {isa = PBXBuildFile; fileRef = CF514A321E39F3340072889C /* ShoppingCartVC.swift */; };
		CF514A351E39F3510072889C /* MoreTVC.swift in Sources */ = {isa = PBXBuildFile; fileRef = CF514A341E39F3510072889C /* MoreTVC.swift */; };
		CF855E941E3A0053005338D5 /* Gorobak.swift in Sources */ = {isa = PBXBuildFile; fileRef = CF855E931E3A0053005338D5 /* Gorobak.swift */; };
		CF855E961E3AC493005338D5 /* CustomCellShoppingCartVC.swift in Sources */ = {isa = PBXBuildFile; fileRef = CF855E951E3AC493005338D5 /* CustomCellShoppingCartVC.swift */; };
		CF855E981E3ACA19005338D5 /* LoginVC.swift in Sources */ = {isa = PBXBuildFile; fileRef = CF855E971E3ACA19005338D5 /* LoginVC.swift */; };
		CF855E9A1E3AE3C3005338D5 /* ForgetPassVC.swift in Sources */ = {isa = PBXBuildFile; fileRef = CF855E991E3AE3C3005338D5 /* ForgetPassVC.swift */; };
		CF855E9C1E3DBF34005338D5 /* SignUpVC.swift in Sources */ = {isa = PBXBuildFile; fileRef = CF855E9B1E3DBF34005338D5 /* SignUpVC.swift */; };
		CF855E9E1E3DCEDF005338D5 /* UserProfileVC.swift in Sources */ = {isa = PBXBuildFile; fileRef = CF855E9D1E3DCEDF005338D5 /* UserProfileVC.swift */; };
		CF855EA01E3E1339005338D5 /* AboutUsVC.swift in Sources */ = {isa = PBXBuildFile; fileRef = CF855E9F1E3E1339005338D5 /* AboutUsVC.swift */; };
		CF855EA21E3E13D4005338D5 /* ContactUsVC.swift in Sources */ = {isa = PBXBuildFile; fileRef = CF855EA11E3E13D4005338D5 /* ContactUsVC.swift */; };
		CF855EA41E3E1451005338D5 /* PrivacyPolicyVC.swift in Sources */ = {isa = PBXBuildFile; fileRef = CF855EA31E3E1451005338D5 /* PrivacyPolicyVC.swift */; };
		CF855EA61E3E1BFD005338D5 /* ChangePassVC.swift in Sources */ = {isa = PBXBuildFile; fileRef = CF855EA51E3E1BFD005338D5 /* ChangePassVC.swift */; };
		CF855EA81E3E2146005338D5 /* OrderHistoryVC.swift in Sources */ = {isa = PBXBuildFile; fileRef = CF855EA71E3E2146005338D5 /* OrderHistoryVC.swift */; };
		CF855EAA1E3EF6DA005338D5 /* PaymentMethodTVC.swift in Sources */ = {isa = PBXBuildFile; fileRef = CF855EA91E3EF6DA005338D5 /* PaymentMethodTVC.swift */; };
		CF855EAC1E3EFABF005338D5 /* CustomCellPMTVC.swift in Sources */ = {isa = PBXBuildFile; fileRef = CF855EAB1E3EFABF005338D5 /* CustomCellPMTVC.swift */; };
		CF8EFE181E3F7E19008706E7 /* ChoicesPayMethodTVC.swift in Sources */ = {isa = PBXBuildFile; fileRef = CF8EFE171E3F7E19008706E7 /* ChoicesPayMethodTVC.swift */; };
		CF8EFE1A1E3F7F0C008706E7 /* CustomCellCPMTVC.swift in Sources */ = {isa = PBXBuildFile; fileRef = CF8EFE191E3F7F0C008706E7 /* CustomCellCPMTVC.swift */; };
		CFB4F2761E422B4000EC58E0 /* HomeTVC.swift in Sources */ = {isa = PBXBuildFile; fileRef = CFB4F2751E422B4000EC58E0 /* HomeTVC.swift */; };
		CFB4F2781E4265E500EC58E0 /* ProductVC.swift in Sources */ = {isa = PBXBuildFile; fileRef = CFB4F2771E4265E500EC58E0 /* ProductVC.swift */; };
		CFC3BB851E43151E0027ECCE /* WishlistVC.swift in Sources */ = {isa = PBXBuildFile; fileRef = CFC3BB841E43151E0027ECCE /* WishlistVC.swift */; };
		CFC3BB871E43544A0027ECCE /* CourierTVC.swift in Sources */ = {isa = PBXBuildFile; fileRef = CFC3BB861E43544A0027ECCE /* CourierTVC.swift */; };
		CFC3BB891E4354910027ECCE /* CustomCellCTVC.swift in Sources */ = {isa = PBXBuildFile; fileRef = CFC3BB881E4354910027ECCE /* CustomCellCTVC.swift */; };
		CFC3BB8B1E4888980027ECCE /* Reachability.swift in Sources */ = {isa = PBXBuildFile; fileRef = CFC3BB8A1E4888980027ECCE /* Reachability.swift */; };
		E8BF65FA41560B30C2D67066 /* Pods_eCommerceAppsTests.framework in Frameworks */ = {isa = PBXBuildFile; fileRef = BB4C746570792B9E40E63CD8 /* Pods_eCommerceAppsTests.framework */; };
/* End PBXBuildFile section */

/* Begin PBXContainerItemProxy section */
		CF514A121E39EBAE0072889C /* PBXContainerItemProxy */ = {
			isa = PBXContainerItemProxy;
			containerPortal = CF5149F51E39EBAD0072889C /* Project object */;
			proxyType = 1;
			remoteGlobalIDString = CF5149FC1E39EBAD0072889C;
			remoteInfo = eCommerceApps;
		};
		CF514A1D1E39EBAE0072889C /* PBXContainerItemProxy */ = {
			isa = PBXContainerItemProxy;
			containerPortal = CF5149F51E39EBAD0072889C /* Project object */;
			proxyType = 1;
			remoteGlobalIDString = CF5149FC1E39EBAD0072889C;
			remoteInfo = eCommerceApps;
		};
/* End PBXContainerItemProxy section */

/* Begin PBXFileReference section */
		0A4E0C562FF907D15D7C9ECC /* Pods-eCommerceApps.debug.xcconfig */ = {isa = PBXFileReference; includeInIndex = 1; lastKnownFileType = text.xcconfig; name = "Pods-eCommerceApps.debug.xcconfig"; path = "Pods/Target Support Files/Pods-eCommerceApps/Pods-eCommerceApps.debug.xcconfig"; sourceTree = "<group>"; };
		21F21AAB149F8A889C217A19 /* Pods_eCommerceAppsUITests.framework */ = {isa = PBXFileReference; explicitFileType = wrapper.framework; includeInIndex = 0; path = Pods_eCommerceAppsUITests.framework; sourceTree = BUILT_PRODUCTS_DIR; };
		2DA30FDA72A2367E34D43F8C /* Pods_eCommerceApps.framework */ = {isa = PBXFileReference; explicitFileType = wrapper.framework; includeInIndex = 0; path = Pods_eCommerceApps.framework; sourceTree = BUILT_PRODUCTS_DIR; };
		7EC8A19A999E6097147957C9 /* Pods-eCommerceApps.release.xcconfig */ = {isa = PBXFileReference; includeInIndex = 1; lastKnownFileType = text.xcconfig; name = "Pods-eCommerceApps.release.xcconfig"; path = "Pods/Target Support Files/Pods-eCommerceApps/Pods-eCommerceApps.release.xcconfig"; sourceTree = "<group>"; };
		8B83CADC7E229FB9AB76706B /* Pods-eCommerceAppsTests.release.xcconfig */ = {isa = PBXFileReference; includeInIndex = 1; lastKnownFileType = text.xcconfig; name = "Pods-eCommerceAppsTests.release.xcconfig"; path = "Pods/Target Support Files/Pods-eCommerceAppsTests/Pods-eCommerceAppsTests.release.xcconfig"; sourceTree = "<group>"; };
		8EE7498B19D3224C39F74C11 /* Pods-eCommerceAppsTests.debug.xcconfig */ = {isa = PBXFileReference; includeInIndex = 1; lastKnownFileType = text.xcconfig; name = "Pods-eCommerceAppsTests.debug.xcconfig"; path = "Pods/Target Support Files/Pods-eCommerceAppsTests/Pods-eCommerceAppsTests.debug.xcconfig"; sourceTree = "<group>"; };
		AE31F2D9534B6186FC284E26 /* Pods-eCommerceAppsUITests.release.xcconfig */ = {isa = PBXFileReference; includeInIndex = 1; lastKnownFileType = text.xcconfig; name = "Pods-eCommerceAppsUITests.release.xcconfig"; path = "Pods/Target Support Files/Pods-eCommerceAppsUITests/Pods-eCommerceAppsUITests.release.xcconfig"; sourceTree = "<group>"; };
		AF3FDA7B9A5D90379FDCF491 /* Pods-eCommerceAppsUITests.debug.xcconfig */ = {isa = PBXFileReference; includeInIndex = 1; lastKnownFileType = text.xcconfig; name = "Pods-eCommerceAppsUITests.debug.xcconfig"; path = "Pods/Target Support Files/Pods-eCommerceAppsUITests/Pods-eCommerceAppsUITests.debug.xcconfig"; sourceTree = "<group>"; };
		BB4C746570792B9E40E63CD8 /* Pods_eCommerceAppsTests.framework */ = {isa = PBXFileReference; explicitFileType = wrapper.framework; includeInIndex = 0; path = Pods_eCommerceAppsTests.framework; sourceTree = BUILT_PRODUCTS_DIR; };
		CF5149FD1E39EBAD0072889C /* eCommerceApps.app */ = {isa = PBXFileReference; explicitFileType = wrapper.application; includeInIndex = 0; path = eCommerceApps.app; sourceTree = BUILT_PRODUCTS_DIR; };
		CF514A001E39EBAD0072889C /* AppDelegate.swift */ = {isa = PBXFileReference; lastKnownFileType = sourcecode.swift; path = AppDelegate.swift; sourceTree = "<group>"; };
		CF514A021E39EBAD0072889C /* HomeViewController.swift */ = {isa = PBXFileReference; lastKnownFileType = sourcecode.swift; path = HomeViewController.swift; sourceTree = "<group>"; };
		CF514A051E39EBAD0072889C /* Base */ = {isa = PBXFileReference; lastKnownFileType = file.storyboard; name = Base; path = Base.lproj/Main.storyboard; sourceTree = "<group>"; };
		CF514A071E39EBAE0072889C /* Assets.xcassets */ = {isa = PBXFileReference; lastKnownFileType = folder.assetcatalog; path = Assets.xcassets; sourceTree = "<group>"; };
		CF514A0A1E39EBAE0072889C /* Base */ = {isa = PBXFileReference; lastKnownFileType = file.storyboard; name = Base; path = Base.lproj/LaunchScreen.storyboard; sourceTree = "<group>"; };
		CF514A0C1E39EBAE0072889C /* Info.plist */ = {isa = PBXFileReference; lastKnownFileType = text.plist.xml; path = Info.plist; sourceTree = "<group>"; };
		CF514A111E39EBAE0072889C /* eCommerceAppsTests.xctest */ = {isa = PBXFileReference; explicitFileType = wrapper.cfbundle; includeInIndex = 0; path = eCommerceAppsTests.xctest; sourceTree = BUILT_PRODUCTS_DIR; };
		CF514A151E39EBAE0072889C /* eCommerceAppsTests.swift */ = {isa = PBXFileReference; lastKnownFileType = sourcecode.swift; path = eCommerceAppsTests.swift; sourceTree = "<group>"; };
		CF514A171E39EBAE0072889C /* Info.plist */ = {isa = PBXFileReference; lastKnownFileType = text.plist.xml; path = Info.plist; sourceTree = "<group>"; };
		CF514A1C1E39EBAE0072889C /* eCommerceAppsUITests.xctest */ = {isa = PBXFileReference; explicitFileType = wrapper.cfbundle; includeInIndex = 0; path = eCommerceAppsUITests.xctest; sourceTree = BUILT_PRODUCTS_DIR; };
		CF514A201E39EBAE0072889C /* eCommerceAppsUITests.swift */ = {isa = PBXFileReference; lastKnownFileType = sourcecode.swift; path = eCommerceAppsUITests.swift; sourceTree = "<group>"; };
		CF514A221E39EBAE0072889C /* Info.plist */ = {isa = PBXFileReference; lastKnownFileType = text.plist.xml; path = Info.plist; sourceTree = "<group>"; };
		CF514A321E39F3340072889C /* ShoppingCartVC.swift */ = {isa = PBXFileReference; fileEncoding = 4; lastKnownFileType = sourcecode.swift; path = ShoppingCartVC.swift; sourceTree = "<group>"; };
		CF514A341E39F3510072889C /* MoreTVC.swift */ = {isa = PBXFileReference; fileEncoding = 4; lastKnownFileType = sourcecode.swift; path = MoreTVC.swift; sourceTree = "<group>"; };
		CF855E931E3A0053005338D5 /* Gorobak.swift */ = {isa = PBXFileReference; fileEncoding = 4; lastKnownFileType = sourcecode.swift; path = Gorobak.swift; sourceTree = "<group>"; };
		CF855E951E3AC493005338D5 /* CustomCellShoppingCartVC.swift */ = {isa = PBXFileReference; fileEncoding = 4; lastKnownFileType = sourcecode.swift; path = CustomCellShoppingCartVC.swift; sourceTree = "<group>"; };
		CF855E971E3ACA19005338D5 /* LoginVC.swift */ = {isa = PBXFileReference; fileEncoding = 4; lastKnownFileType = sourcecode.swift; path = LoginVC.swift; sourceTree = "<group>"; };
		CF855E991E3AE3C3005338D5 /* ForgetPassVC.swift */ = {isa = PBXFileReference; fileEncoding = 4; lastKnownFileType = sourcecode.swift; path = ForgetPassVC.swift; sourceTree = "<group>"; };
		CF855E9B1E3DBF34005338D5 /* SignUpVC.swift */ = {isa = PBXFileReference; fileEncoding = 4; lastKnownFileType = sourcecode.swift; path = SignUpVC.swift; sourceTree = "<group>"; };
		CF855E9D1E3DCEDF005338D5 /* UserProfileVC.swift */ = {isa = PBXFileReference; fileEncoding = 4; lastKnownFileType = sourcecode.swift; path = UserProfileVC.swift; sourceTree = "<group>"; };
		CF855E9F1E3E1339005338D5 /* AboutUsVC.swift */ = {isa = PBXFileReference; fileEncoding = 4; lastKnownFileType = sourcecode.swift; path = AboutUsVC.swift; sourceTree = "<group>"; };
		CF855EA11E3E13D4005338D5 /* ContactUsVC.swift */ = {isa = PBXFileReference; fileEncoding = 4; lastKnownFileType = sourcecode.swift; path = ContactUsVC.swift; sourceTree = "<group>"; };
		CF855EA31E3E1451005338D5 /* PrivacyPolicyVC.swift */ = {isa = PBXFileReference; fileEncoding = 4; lastKnownFileType = sourcecode.swift; path = PrivacyPolicyVC.swift; sourceTree = "<group>"; };
		CF855EA51E3E1BFD005338D5 /* ChangePassVC.swift */ = {isa = PBXFileReference; fileEncoding = 4; lastKnownFileType = sourcecode.swift; path = ChangePassVC.swift; sourceTree = "<group>"; };
		CF855EA71E3E2146005338D5 /* OrderHistoryVC.swift */ = {isa = PBXFileReference; fileEncoding = 4; lastKnownFileType = sourcecode.swift; path = OrderHistoryVC.swift; sourceTree = "<group>"; };
		CF855EA91E3EF6DA005338D5 /* PaymentMethodTVC.swift */ = {isa = PBXFileReference; fileEncoding = 4; lastKnownFileType = sourcecode.swift; path = PaymentMethodTVC.swift; sourceTree = "<group>"; };
		CF855EAB1E3EFABF005338D5 /* CustomCellPMTVC.swift */ = {isa = PBXFileReference; fileEncoding = 4; lastKnownFileType = sourcecode.swift; path = CustomCellPMTVC.swift; sourceTree = "<group>"; };
		CF8EFE171E3F7E19008706E7 /* ChoicesPayMethodTVC.swift */ = {isa = PBXFileReference; fileEncoding = 4; lastKnownFileType = sourcecode.swift; path = ChoicesPayMethodTVC.swift; sourceTree = "<group>"; };
		CF8EFE191E3F7F0C008706E7 /* CustomCellCPMTVC.swift */ = {isa = PBXFileReference; fileEncoding = 4; lastKnownFileType = sourcecode.swift; path = CustomCellCPMTVC.swift; sourceTree = "<group>"; };
		CFB4F2751E422B4000EC58E0 /* HomeTVC.swift */ = {isa = PBXFileReference; fileEncoding = 4; lastKnownFileType = sourcecode.swift; path = HomeTVC.swift; sourceTree = "<group>"; };
		CFB4F2771E4265E500EC58E0 /* ProductVC.swift */ = {isa = PBXFileReference; fileEncoding = 4; lastKnownFileType = sourcecode.swift; path = ProductVC.swift; sourceTree = "<group>"; };
		CFC3BB841E43151E0027ECCE /* WishlistVC.swift */ = {isa = PBXFileReference; fileEncoding = 4; lastKnownFileType = sourcecode.swift; path = WishlistVC.swift; sourceTree = "<group>"; };
		CFC3BB861E43544A0027ECCE /* CourierTVC.swift */ = {isa = PBXFileReference; fileEncoding = 4; lastKnownFileType = sourcecode.swift; path = CourierTVC.swift; sourceTree = "<group>"; };
		CFC3BB881E4354910027ECCE /* CustomCellCTVC.swift */ = {isa = PBXFileReference; fileEncoding = 4; lastKnownFileType = sourcecode.swift; path = CustomCellCTVC.swift; sourceTree = "<group>"; };
		CFC3BB8A1E4888980027ECCE /* Reachability.swift */ = {isa = PBXFileReference; fileEncoding = 4; lastKnownFileType = sourcecode.swift; path = Reachability.swift; sourceTree = "<group>"; };
/* End PBXFileReference section */

/* Begin PBXFrameworksBuildPhase section */
		CF5149FA1E39EBAD0072889C /* Frameworks */ = {
			isa = PBXFrameworksBuildPhase;
			buildActionMask = 2147483647;
			files = (
				49836BB81EB2D2673CD31F6C /* Pods_eCommerceApps.framework in Frameworks */,
			);
			runOnlyForDeploymentPostprocessing = 0;
		};
		CF514A0E1E39EBAE0072889C /* Frameworks */ = {
			isa = PBXFrameworksBuildPhase;
			buildActionMask = 2147483647;
			files = (
				E8BF65FA41560B30C2D67066 /* Pods_eCommerceAppsTests.framework in Frameworks */,
			);
			runOnlyForDeploymentPostprocessing = 0;
		};
		CF514A191E39EBAE0072889C /* Frameworks */ = {
			isa = PBXFrameworksBuildPhase;
			buildActionMask = 2147483647;
			files = (
				A9DDB75FB17064EA4F8D343E /* Pods_eCommerceAppsUITests.framework in Frameworks */,
			);
			runOnlyForDeploymentPostprocessing = 0;
		};
/* End PBXFrameworksBuildPhase section */

/* Begin PBXGroup section */
		0FD9E87128EA1D13AFC1E92E /* Frameworks */ = {
			isa = PBXGroup;
			children = (
				2DA30FDA72A2367E34D43F8C /* Pods_eCommerceApps.framework */,
				BB4C746570792B9E40E63CD8 /* Pods_eCommerceAppsTests.framework */,
				21F21AAB149F8A889C217A19 /* Pods_eCommerceAppsUITests.framework */,
			);
			name = Frameworks;
			sourceTree = "<group>";
		};
		3E7FF50049A390B90BFFD8F9 /* Pods */ = {
			isa = PBXGroup;
			children = (
				0A4E0C562FF907D15D7C9ECC /* Pods-eCommerceApps.debug.xcconfig */,
				7EC8A19A999E6097147957C9 /* Pods-eCommerceApps.release.xcconfig */,
				8EE7498B19D3224C39F74C11 /* Pods-eCommerceAppsTests.debug.xcconfig */,
				8B83CADC7E229FB9AB76706B /* Pods-eCommerceAppsTests.release.xcconfig */,
				AF3FDA7B9A5D90379FDCF491 /* Pods-eCommerceAppsUITests.debug.xcconfig */,
				AE31F2D9534B6186FC284E26 /* Pods-eCommerceAppsUITests.release.xcconfig */,
			);
			name = Pods;
			sourceTree = "<group>";
		};
		CF5149F41E39EBAD0072889C = {
			isa = PBXGroup;
			children = (
				CF5149FF1E39EBAD0072889C /* eCommerceApps */,
				CF514A141E39EBAE0072889C /* eCommerceAppsTests */,
				CF514A1F1E39EBAE0072889C /* eCommerceAppsUITests */,
				CF5149FE1E39EBAD0072889C /* Products */,
				3E7FF50049A390B90BFFD8F9 /* Pods */,
				0FD9E87128EA1D13AFC1E92E /* Frameworks */,
			);
			sourceTree = "<group>";
		};
		CF5149FE1E39EBAD0072889C /* Products */ = {
			isa = PBXGroup;
			children = (
				CF5149FD1E39EBAD0072889C /* eCommerceApps.app */,
				CF514A111E39EBAE0072889C /* eCommerceAppsTests.xctest */,
				CF514A1C1E39EBAE0072889C /* eCommerceAppsUITests.xctest */,
			);
			name = Products;
			sourceTree = "<group>";
		};
		CF5149FF1E39EBAD0072889C /* eCommerceApps */ = {
			isa = PBXGroup;
			children = (
				CF514A001E39EBAD0072889C /* AppDelegate.swift */,
				CFC3BB8A1E4888980027ECCE /* Reachability.swift */,
				CF514A021E39EBAD0072889C /* HomeViewController.swift */,
				CFB4F2751E422B4000EC58E0 /* HomeTVC.swift */,
				CFB4F2771E4265E500EC58E0 /* ProductVC.swift */,
				CF514A321E39F3340072889C /* ShoppingCartVC.swift */,
				CF855E951E3AC493005338D5 /* CustomCellShoppingCartVC.swift */,
				CF855E931E3A0053005338D5 /* Gorobak.swift */,
				CFC3BB861E43544A0027ECCE /* CourierTVC.swift */,
				CFC3BB881E4354910027ECCE /* CustomCellCTVC.swift */,
				CF514A341E39F3510072889C /* MoreTVC.swift */,
				CF855E971E3ACA19005338D5 /* LoginVC.swift */,
				CF855E9B1E3DBF34005338D5 /* SignUpVC.swift */,
				CF855E991E3AE3C3005338D5 /* ForgetPassVC.swift */,
				CF855EA51E3E1BFD005338D5 /* ChangePassVC.swift */,
				CF855E9D1E3DCEDF005338D5 /* UserProfileVC.swift */,
				CFC3BB841E43151E0027ECCE /* WishlistVC.swift */,
				CF855EA91E3EF6DA005338D5 /* PaymentMethodTVC.swift */,
				CF855EAB1E3EFABF005338D5 /* CustomCellPMTVC.swift */,
				CF8EFE171E3F7E19008706E7 /* ChoicesPayMethodTVC.swift */,
				CF8EFE191E3F7F0C008706E7 /* CustomCellCPMTVC.swift */,
				CF855EA71E3E2146005338D5 /* OrderHistoryVC.swift */,
				CF855E9F1E3E1339005338D5 /* AboutUsVC.swift */,
				CF855EA11E3E13D4005338D5 /* ContactUsVC.swift */,
				CF855EA31E3E1451005338D5 /* PrivacyPolicyVC.swift */,
				CF514A041E39EBAD0072889C /* Main.storyboard */,
				CF514A071E39EBAE0072889C /* Assets.xcassets */,
				CF514A091E39EBAE0072889C /* LaunchScreen.storyboard */,
				CF514A0C1E39EBAE0072889C /* Info.plist */,
			);
			path = eCommerceApps;
			sourceTree = "<group>";
		};
		CF514A141E39EBAE0072889C /* eCommerceAppsTests */ = {
			isa = PBXGroup;
			children = (
				CF514A151E39EBAE0072889C /* eCommerceAppsTests.swift */,
				CF514A171E39EBAE0072889C /* Info.plist */,
			);
			path = eCommerceAppsTests;
			sourceTree = "<group>";
		};
		CF514A1F1E39EBAE0072889C /* eCommerceAppsUITests */ = {
			isa = PBXGroup;
			children = (
				CF514A201E39EBAE0072889C /* eCommerceAppsUITests.swift */,
				CF514A221E39EBAE0072889C /* Info.plist */,
			);
			path = eCommerceAppsUITests;
			sourceTree = "<group>";
		};
/* End PBXGroup section */

/* Begin PBXNativeTarget section */
		CF5149FC1E39EBAD0072889C /* eCommerceApps */ = {
			isa = PBXNativeTarget;
			buildConfigurationList = CF514A251E39EBAE0072889C /* Build configuration list for PBXNativeTarget "eCommerceApps" */;
			buildPhases = (
				06729C4DE8AB615AC8B27C6A /* [CP] Check Pods Manifest.lock */,
				CF5149F91E39EBAD0072889C /* Sources */,
				CF5149FA1E39EBAD0072889C /* Frameworks */,
				CF5149FB1E39EBAD0072889C /* Resources */,
				48C43CE8346B55FA5EAAE898 /* [CP] Embed Pods Frameworks */,
				04B775329069A8A75E911ED0 /* [CP] Copy Pods Resources */,
			);
			buildRules = (
			);
			dependencies = (
			);
			name = eCommerceApps;
			productName = eCommerceApps;
			productReference = CF5149FD1E39EBAD0072889C /* eCommerceApps.app */;
			productType = "com.apple.product-type.application";
		};
		CF514A101E39EBAE0072889C /* eCommerceAppsTests */ = {
			isa = PBXNativeTarget;
			buildConfigurationList = CF514A281E39EBAE0072889C /* Build configuration list for PBXNativeTarget "eCommerceAppsTests" */;
			buildPhases = (
				5639D18673E501CB7425552A /* [CP] Check Pods Manifest.lock */,
				CF514A0D1E39EBAE0072889C /* Sources */,
				CF514A0E1E39EBAE0072889C /* Frameworks */,
				CF514A0F1E39EBAE0072889C /* Resources */,
				8343AD15B67CE425B11CF8AD /* [CP] Embed Pods Frameworks */,
				4AC5301D2E547CD9C93411C5 /* [CP] Copy Pods Resources */,
			);
			buildRules = (
			);
			dependencies = (
				CF514A131E39EBAE0072889C /* PBXTargetDependency */,
			);
			name = eCommerceAppsTests;
			productName = eCommerceAppsTests;
			productReference = CF514A111E39EBAE0072889C /* eCommerceAppsTests.xctest */;
			productType = "com.apple.product-type.bundle.unit-test";
		};
		CF514A1B1E39EBAE0072889C /* eCommerceAppsUITests */ = {
			isa = PBXNativeTarget;
			buildConfigurationList = CF514A2B1E39EBAE0072889C /* Build configuration list for PBXNativeTarget "eCommerceAppsUITests" */;
			buildPhases = (
				193D71E789B6F031677D0963 /* [CP] Check Pods Manifest.lock */,
				CF514A181E39EBAE0072889C /* Sources */,
				CF514A191E39EBAE0072889C /* Frameworks */,
				CF514A1A1E39EBAE0072889C /* Resources */,
				A0B54512F4618E58352D8C75 /* [CP] Copy Pods Resources */,
			);
			buildRules = (
			);
			dependencies = (
				CF514A1E1E39EBAE0072889C /* PBXTargetDependency */,
			);
			name = eCommerceAppsUITests;
			productName = eCommerceAppsUITests;
			productReference = CF514A1C1E39EBAE0072889C /* eCommerceAppsUITests.xctest */;
			productType = "com.apple.product-type.bundle.ui-testing";
		};
/* End PBXNativeTarget section */

/* Begin PBXProject section */
		CF5149F51E39EBAD0072889C /* Project object */ = {
			isa = PBXProject;
			attributes = {
				LastSwiftUpdateCheck = 0820;
				LastUpgradeCheck = 0820;
				ORGANIZATIONNAME = "Luthfi Fathur Rahman";
				TargetAttributes = {
					CF5149FC1E39EBAD0072889C = {
						CreatedOnToolsVersion = 8.2;
						DevelopmentTeam = 2L6QV2N95T;
						LastSwiftMigration = 0820;
						ProvisioningStyle = Automatic;
					};
					CF514A101E39EBAE0072889C = {
						CreatedOnToolsVersion = 8.2;
						DevelopmentTeam = 2L6QV2N95T;
						LastSwiftMigration = 0820;
						ProvisioningStyle = Automatic;
						TestTargetID = CF5149FC1E39EBAD0072889C;
					};
					CF514A1B1E39EBAE0072889C = {
						CreatedOnToolsVersion = 8.2;
						DevelopmentTeam = 2L6QV2N95T;
						LastSwiftMigration = 0820;
						ProvisioningStyle = Automatic;
						TestTargetID = CF5149FC1E39EBAD0072889C;
					};
				};
			};
			buildConfigurationList = CF5149F81E39EBAD0072889C /* Build configuration list for PBXProject "eCommerceApps" */;
			compatibilityVersion = "Xcode 3.2";
			developmentRegion = English;
			hasScannedForEncodings = 0;
			knownRegions = (
				en,
				Base,
			);
			mainGroup = CF5149F41E39EBAD0072889C;
			productRefGroup = CF5149FE1E39EBAD0072889C /* Products */;
			projectDirPath = "";
			projectRoot = "";
			targets = (
				CF5149FC1E39EBAD0072889C /* eCommerceApps */,
				CF514A101E39EBAE0072889C /* eCommerceAppsTests */,
				CF514A1B1E39EBAE0072889C /* eCommerceAppsUITests */,
			);
		};
/* End PBXProject section */

/* Begin PBXResourcesBuildPhase section */
		CF5149FB1E39EBAD0072889C /* Resources */ = {
			isa = PBXResourcesBuildPhase;
			buildActionMask = 2147483647;
			files = (
				CF514A0B1E39EBAE0072889C /* LaunchScreen.storyboard in Resources */,
				CF514A081E39EBAE0072889C /* Assets.xcassets in Resources */,
				CF514A061E39EBAD0072889C /* Main.storyboard in Resources */,
			);
			runOnlyForDeploymentPostprocessing = 0;
		};
		CF514A0F1E39EBAE0072889C /* Resources */ = {
			isa = PBXResourcesBuildPhase;
			buildActionMask = 2147483647;
			files = (
			);
			runOnlyForDeploymentPostprocessing = 0;
		};
		CF514A1A1E39EBAE0072889C /* Resources */ = {
			isa = PBXResourcesBuildPhase;
			buildActionMask = 2147483647;
			files = (
			);
			runOnlyForDeploymentPostprocessing = 0;
		};
/* End PBXResourcesBuildPhase section */

/* Begin PBXShellScriptBuildPhase section */
		04B775329069A8A75E911ED0 /* [CP] Copy Pods Resources */ = {
			isa = PBXShellScriptBuildPhase;
			buildActionMask = 2147483647;
			files = (
			);
			inputPaths = (
			);
			name = "[CP] Copy Pods Resources";
			outputPaths = (
			);
			runOnlyForDeploymentPostprocessing = 0;
			shellPath = /bin/sh;
			shellScript = "\"${SRCROOT}/Pods/Target Support Files/Pods-eCommerceApps/Pods-eCommerceApps-resources.sh\"\n";
			showEnvVarsInLog = 0;
		};
		06729C4DE8AB615AC8B27C6A /* [CP] Check Pods Manifest.lock */ = {
			isa = PBXShellScriptBuildPhase;
			buildActionMask = 2147483647;
			files = (
			);
			inputPaths = (
			);
			name = "[CP] Check Pods Manifest.lock";
			outputPaths = (
			);
			runOnlyForDeploymentPostprocessing = 0;
			shellPath = /bin/sh;
			shellScript = "diff \"${PODS_ROOT}/../Podfile.lock\" \"${PODS_ROOT}/Manifest.lock\" > /dev/null\nif [[ $? != 0 ]] ; then\n    cat << EOM\nerror: The sandbox is not in sync with the Podfile.lock. Run 'pod install' or update your CocoaPods installation.\nEOM\n    exit 1\nfi\n";
			showEnvVarsInLog = 0;
		};
		193D71E789B6F031677D0963 /* [CP] Check Pods Manifest.lock */ = {
			isa = PBXShellScriptBuildPhase;
			buildActionMask = 2147483647;
			files = (
			);
			inputPaths = (
			);
			name = "[CP] Check Pods Manifest.lock";
			outputPaths = (
			);
			runOnlyForDeploymentPostprocessing = 0;
			shellPath = /bin/sh;
			shellScript = "diff \"${PODS_ROOT}/../Podfile.lock\" \"${PODS_ROOT}/Manifest.lock\" > /dev/null\nif [[ $? != 0 ]] ; then\n    cat << EOM\nerror: The sandbox is not in sync with the Podfile.lock. Run 'pod install' or update your CocoaPods installation.\nEOM\n    exit 1\nfi\n";
			showEnvVarsInLog = 0;
		};
		48C43CE8346B55FA5EAAE898 /* [CP] Embed Pods Frameworks */ = {
			isa = PBXShellScriptBuildPhase;
			buildActionMask = 2147483647;
			files = (
			);
			inputPaths = (
			);
			name = "[CP] Embed Pods Frameworks";
			outputPaths = (
			);
			runOnlyForDeploymentPostprocessing = 0;
			shellPath = /bin/sh;
			shellScript = "\"${SRCROOT}/Pods/Target Support Files/Pods-eCommerceApps/Pods-eCommerceApps-frameworks.sh\"\n";
			showEnvVarsInLog = 0;
		};
		4AC5301D2E547CD9C93411C5 /* [CP] Copy Pods Resources */ = {
			isa = PBXShellScriptBuildPhase;
			buildActionMask = 2147483647;
			files = (
			);
			inputPaths = (
			);
			name = "[CP] Copy Pods Resources";
			outputPaths = (
			);
			runOnlyForDeploymentPostprocessing = 0;
			shellPath = /bin/sh;
			shellScript = "\"${SRCROOT}/Pods/Target Support Files/Pods-eCommerceAppsTests/Pods-eCommerceAppsTests-resources.sh\"\n";
			showEnvVarsInLog = 0;
		};
		5639D18673E501CB7425552A /* [CP] Check Pods Manifest.lock */ = {
			isa = PBXShellScriptBuildPhase;
			buildActionMask = 2147483647;
			files = (
			);
			inputPaths = (
			);
			name = "[CP] Check Pods Manifest.lock";
			outputPaths = (
			);
			runOnlyForDeploymentPostprocessing = 0;
			shellPath = /bin/sh;
			shellScript = "diff \"${PODS_ROOT}/../Podfile.lock\" \"${PODS_ROOT}/Manifest.lock\" > /dev/null\nif [[ $? != 0 ]] ; then\n    cat << EOM\nerror: The sandbox is not in sync with the Podfile.lock. Run 'pod install' or update your CocoaPods installation.\nEOM\n    exit 1\nfi\n";
			showEnvVarsInLog = 0;
		};
		8343AD15B67CE425B11CF8AD /* [CP] Embed Pods Frameworks */ = {
			isa = PBXShellScriptBuildPhase;
			buildActionMask = 2147483647;
			files = (
			);
			inputPaths = (
			);
			name = "[CP] Embed Pods Frameworks";
			outputPaths = (
			);
			runOnlyForDeploymentPostprocessing = 0;
			shellPath = /bin/sh;
			shellScript = "\"${SRCROOT}/Pods/Target Support Files/Pods-eCommerceAppsTests/Pods-eCommerceAppsTests-frameworks.sh\"\n";
			showEnvVarsInLog = 0;
		};
		A0B54512F4618E58352D8C75 /* [CP] Copy Pods Resources */ = {
			isa = PBXShellScriptBuildPhase;
			buildActionMask = 2147483647;
			files = (
			);
			inputPaths = (
			);
			name = "[CP] Copy Pods Resources";
			outputPaths = (
			);
			runOnlyForDeploymentPostprocessing = 0;
			shellPath = /bin/sh;
			shellScript = "\"${SRCROOT}/Pods/Target Support Files/Pods-eCommerceAppsUITests/Pods-eCommerceAppsUITests-resources.sh\"\n";
			showEnvVarsInLog = 0;
		};
/* End PBXShellScriptBuildPhase section */

/* Begin PBXSourcesBuildPhase section */
		CF5149F91E39EBAD0072889C /* Sources */ = {
			isa = PBXSourcesBuildPhase;
			buildActionMask = 2147483647;
			files = (
				CFC3BB871E43544A0027ECCE /* CourierTVC.swift in Sources */,
				CF8EFE1A1E3F7F0C008706E7 /* CustomCellCPMTVC.swift in Sources */,
				CFC3BB891E4354910027ECCE /* CustomCellCTVC.swift in Sources */,
				CF855EAC1E3EFABF005338D5 /* CustomCellPMTVC.swift in Sources */,
				CF855EA81E3E2146005338D5 /* OrderHistoryVC.swift in Sources */,
				CF514A331E39F3340072889C /* ShoppingCartVC.swift in Sources */,
				CF855EA61E3E1BFD005338D5 /* ChangePassVC.swift in Sources */,
				CF8EFE181E3F7E19008706E7 /* ChoicesPayMethodTVC.swift in Sources */,
				CF855E9C1E3DBF34005338D5 /* SignUpVC.swift in Sources */,
				CF514A031E39EBAD0072889C /* HomeViewController.swift in Sources */,
				CF855E9E1E3DCEDF005338D5 /* UserProfileVC.swift in Sources */,
				CF855E981E3ACA19005338D5 /* LoginVC.swift in Sources */,
				CF855EA21E3E13D4005338D5 /* ContactUsVC.swift in Sources */,
				CF514A011E39EBAD0072889C /* AppDelegate.swift in Sources */,
				CF855E9A1E3AE3C3005338D5 /* ForgetPassVC.swift in Sources */,
				CF514A351E39F3510072889C /* MoreTVC.swift in Sources */,
				CFB4F2761E422B4000EC58E0 /* HomeTVC.swift in Sources */,
				CFB4F2781E4265E500EC58E0 /* ProductVC.swift in Sources */,
				CF855EA41E3E1451005338D5 /* PrivacyPolicyVC.swift in Sources */,
				CFC3BB851E43151E0027ECCE /* WishlistVC.swift in Sources */,
				CF855E941E3A0053005338D5 /* Gorobak.swift in Sources */,
				CF855EAA1E3EF6DA005338D5 /* PaymentMethodTVC.swift in Sources */,
				CF855E961E3AC493005338D5 /* CustomCellShoppingCartVC.swift in Sources */,
				CFC3BB8B1E4888980027ECCE /* Reachability.swift in Sources */,
				CF855EA01E3E1339005338D5 /* AboutUsVC.swift in Sources */,
			);
			runOnlyForDeploymentPostprocessing = 0;
		};
		CF514A0D1E39EBAE0072889C /* Sources */ = {
			isa = PBXSourcesBuildPhase;
			buildActionMask = 2147483647;
			files = (
				CF514A161E39EBAE0072889C /* eCommerceAppsTests.swift in Sources */,
			);
			runOnlyForDeploymentPostprocessing = 0;
		};
		CF514A181E39EBAE0072889C /* Sources */ = {
			isa = PBXSourcesBuildPhase;
			buildActionMask = 2147483647;
			files = (
				CF514A211E39EBAE0072889C /* eCommerceAppsUITests.swift in Sources */,
			);
			runOnlyForDeploymentPostprocessing = 0;
		};
/* End PBXSourcesBuildPhase section */

/* Begin PBXTargetDependency section */
		CF514A131E39EBAE0072889C /* PBXTargetDependency */ = {
			isa = PBXTargetDependency;
			target = CF5149FC1E39EBAD0072889C /* eCommerceApps */;
			targetProxy = CF514A121E39EBAE0072889C /* PBXContainerItemProxy */;
		};
		CF514A1E1E39EBAE0072889C /* PBXTargetDependency */ = {
			isa = PBXTargetDependency;
			target = CF5149FC1E39EBAD0072889C /* eCommerceApps */;
			targetProxy = CF514A1D1E39EBAE0072889C /* PBXContainerItemProxy */;
		};
/* End PBXTargetDependency section */

/* Begin PBXVariantGroup section */
		CF514A041E39EBAD0072889C /* Main.storyboard */ = {
			isa = PBXVariantGroup;
			children = (
				CF514A051E39EBAD0072889C /* Base */,
			);
			name = Main.storyboard;
			sourceTree = "<group>";
		};
		CF514A091E39EBAE0072889C /* LaunchScreen.storyboard */ = {
			isa = PBXVariantGroup;
			children = (
				CF514A0A1E39EBAE0072889C /* Base */,
			);
			name = LaunchScreen.storyboard;
			sourceTree = "<group>";
		};
/* End PBXVariantGroup section */

/* Begin XCBuildConfiguration section */
		CF514A231E39EBAE0072889C /* Debug */ = {
			isa = XCBuildConfiguration;
			buildSettings = {
				ALWAYS_SEARCH_USER_PATHS = NO;
				CLANG_ANALYZER_NONNULL = YES;
				CLANG_CXX_LANGUAGE_STANDARD = "gnu++0x";
				CLANG_CXX_LIBRARY = "libc++";
				CLANG_ENABLE_MODULES = YES;
				CLANG_ENABLE_OBJC_ARC = YES;
				CLANG_WARN_BOOL_CONVERSION = YES;
				CLANG_WARN_CONSTANT_CONVERSION = YES;
				CLANG_WARN_DIRECT_OBJC_ISA_USAGE = YES_ERROR;
				CLANG_WARN_DOCUMENTATION_COMMENTS = YES;
				CLANG_WARN_EMPTY_BODY = YES;
				CLANG_WARN_ENUM_CONVERSION = YES;
				CLANG_WARN_INFINITE_RECURSION = YES;
				CLANG_WARN_INT_CONVERSION = YES;
				CLANG_WARN_OBJC_ROOT_CLASS = YES_ERROR;
				CLANG_WARN_SUSPICIOUS_MOVE = YES;
				CLANG_WARN_UNREACHABLE_CODE = YES;
				CLANG_WARN__DUPLICATE_METHOD_MATCH = YES;
				"CODE_SIGN_IDENTITY[sdk=iphoneos*]" = "iPhone Developer";
				COPY_PHASE_STRIP = NO;
				DEBUG_INFORMATION_FORMAT = dwarf;
				ENABLE_STRICT_OBJC_MSGSEND = YES;
				ENABLE_TESTABILITY = YES;
				GCC_C_LANGUAGE_STANDARD = gnu99;
				GCC_DYNAMIC_NO_PIC = NO;
				GCC_NO_COMMON_BLOCKS = YES;
				GCC_OPTIMIZATION_LEVEL = 0;
				GCC_PREPROCESSOR_DEFINITIONS = (
					"DEBUG=1",
					"$(inherited)",
				);
				GCC_WARN_64_TO_32_BIT_CONVERSION = YES;
				GCC_WARN_ABOUT_RETURN_TYPE = YES_ERROR;
				GCC_WARN_UNDECLARED_SELECTOR = YES;
				GCC_WARN_UNINITIALIZED_AUTOS = YES_AGGRESSIVE;
				GCC_WARN_UNUSED_FUNCTION = YES;
				GCC_WARN_UNUSED_VARIABLE = YES;
				IPHONEOS_DEPLOYMENT_TARGET = 10.2;
				MTL_ENABLE_DEBUG_INFO = YES;
				ONLY_ACTIVE_ARCH = YES;
				SDKROOT = iphoneos;
				SWIFT_ACTIVE_COMPILATION_CONDITIONS = DEBUG;
				SWIFT_OPTIMIZATION_LEVEL = "-Onone";
			};
			name = Debug;
		};
		CF514A241E39EBAE0072889C /* Release */ = {
			isa = XCBuildConfiguration;
			buildSettings = {
				ALWAYS_SEARCH_USER_PATHS = NO;
				CLANG_ANALYZER_NONNULL = YES;
				CLANG_CXX_LANGUAGE_STANDARD = "gnu++0x";
				CLANG_CXX_LIBRARY = "libc++";
				CLANG_ENABLE_MODULES = YES;
				CLANG_ENABLE_OBJC_ARC = YES;
				CLANG_WARN_BOOL_CONVERSION = YES;
				CLANG_WARN_CONSTANT_CONVERSION = YES;
				CLANG_WARN_DIRECT_OBJC_ISA_USAGE = YES_ERROR;
				CLANG_WARN_DOCUMENTATION_COMMENTS = YES;
				CLANG_WARN_EMPTY_BODY = YES;
				CLANG_WARN_ENUM_CONVERSION = YES;
				CLANG_WARN_INFINITE_RECURSION = YES;
				CLANG_WARN_INT_CONVERSION = YES;
				CLANG_WARN_OBJC_ROOT_CLASS = YES_ERROR;
				CLANG_WARN_SUSPICIOUS_MOVE = YES;
				CLANG_WARN_UNREACHABLE_CODE = YES;
				CLANG_WARN__DUPLICATE_METHOD_MATCH = YES;
				"CODE_SIGN_IDENTITY[sdk=iphoneos*]" = "iPhone Developer";
				COPY_PHASE_STRIP = NO;
				DEBUG_INFORMATION_FORMAT = "dwarf-with-dsym";
				ENABLE_NS_ASSERTIONS = NO;
				ENABLE_STRICT_OBJC_MSGSEND = YES;
				GCC_C_LANGUAGE_STANDARD = gnu99;
				GCC_NO_COMMON_BLOCKS = YES;
				GCC_WARN_64_TO_32_BIT_CONVERSION = YES;
				GCC_WARN_ABOUT_RETURN_TYPE = YES_ERROR;
				GCC_WARN_UNDECLARED_SELECTOR = YES;
				GCC_WARN_UNINITIALIZED_AUTOS = YES_AGGRESSIVE;
				GCC_WARN_UNUSED_FUNCTION = YES;
				GCC_WARN_UNUSED_VARIABLE = YES;
				IPHONEOS_DEPLOYMENT_TARGET = 10.2;
				MTL_ENABLE_DEBUG_INFO = NO;
				SDKROOT = iphoneos;
				SWIFT_OPTIMIZATION_LEVEL = "-Owholemodule";
				VALIDATE_PRODUCT = YES;
			};
			name = Release;
		};
		CF514A261E39EBAE0072889C /* Debug */ = {
			isa = XCBuildConfiguration;
			baseConfigurationReference = 0A4E0C562FF907D15D7C9ECC /* Pods-eCommerceApps.debug.xcconfig */;
			buildSettings = {
				ALWAYS_EMBED_SWIFT_STANDARD_LIBRARIES = YES;
				ASSETCATALOG_COMPILER_APPICON_NAME = AppIcon;
				DEVELOPMENT_TEAM = 2L6QV2N95T;
				INFOPLIST_FILE = eCommerceApps/Info.plist;
				LD_RUNPATH_SEARCH_PATHS = "$(inherited) @executable_path/Frameworks";
				PRODUCT_BUNDLE_IDENTIFIER = com.luthfifathurrahman.eCommerceApps;
				PRODUCT_NAME = "$(TARGET_NAME)";
				SWIFT_VERSION = 3.0;
			};
			name = Debug;
		};
		CF514A271E39EBAE0072889C /* Release */ = {
			isa = XCBuildConfiguration;
			baseConfigurationReference = 7EC8A19A999E6097147957C9 /* Pods-eCommerceApps.release.xcconfig */;
			buildSettings = {
				ALWAYS_EMBED_SWIFT_STANDARD_LIBRARIES = YES;
				ASSETCATALOG_COMPILER_APPICON_NAME = AppIcon;
				DEVELOPMENT_TEAM = 2L6QV2N95T;
				INFOPLIST_FILE = eCommerceApps/Info.plist;
				LD_RUNPATH_SEARCH_PATHS = "$(inherited) @executable_path/Frameworks";
				PRODUCT_BUNDLE_IDENTIFIER = com.luthfifathurrahman.eCommerceApps;
				PRODUCT_NAME = "$(TARGET_NAME)";
				SWIFT_VERSION = 3.0;
			};
			name = Release;
		};
		CF514A291E39EBAE0072889C /* Debug */ = {
			isa = XCBuildConfiguration;
			baseConfigurationReference = 8EE7498B19D3224C39F74C11 /* Pods-eCommerceAppsTests.debug.xcconfig */;
			buildSettings = {
				ALWAYS_EMBED_SWIFT_STANDARD_LIBRARIES = YES;
				BUNDLE_LOADER = "$(TEST_HOST)";
				DEVELOPMENT_TEAM = 2L6QV2N95T;
				INFOPLIST_FILE = eCommerceAppsTests/Info.plist;
				LD_RUNPATH_SEARCH_PATHS = "$(inherited) @executable_path/Frameworks @loader_path/Frameworks";
				PRODUCT_BUNDLE_IDENTIFIER = com.luthfifathurrahman.eCommerceAppsTests;
				PRODUCT_NAME = "$(TARGET_NAME)";
				SWIFT_VERSION = 3.0;
				TEST_HOST = "$(BUILT_PRODUCTS_DIR)/eCommerceApps.app/eCommerceApps";
			};
			name = Debug;
		};
		CF514A2A1E39EBAE0072889C /* Release */ = {
			isa = XCBuildConfiguration;
			baseConfigurationReference = 8B83CADC7E229FB9AB76706B /* Pods-eCommerceAppsTests.release.xcconfig */;
			buildSettings = {
				ALWAYS_EMBED_SWIFT_STANDARD_LIBRARIES = YES;
				BUNDLE_LOADER = "$(TEST_HOST)";
				DEVELOPMENT_TEAM = 2L6QV2N95T;
				INFOPLIST_FILE = eCommerceAppsTests/Info.plist;
				LD_RUNPATH_SEARCH_PATHS = "$(inherited) @executable_path/Frameworks @loader_path/Frameworks";
				PRODUCT_BUNDLE_IDENTIFIER = com.luthfifathurrahman.eCommerceAppsTests;
				PRODUCT_NAME = "$(TARGET_NAME)";
				SWIFT_VERSION = 3.0;
				TEST_HOST = "$(BUILT_PRODUCTS_DIR)/eCommerceApps.app/eCommerceApps";
			};
			name = Release;
		};
		CF514A2C1E39EBAE0072889C /* Debug */ = {
			isa = XCBuildConfiguration;
			baseConfigurationReference = AF3FDA7B9A5D90379FDCF491 /* Pods-eCommerceAppsUITests.debug.xcconfig */;
			buildSettings = {
				ALWAYS_EMBED_SWIFT_STANDARD_LIBRARIES = YES;
				DEVELOPMENT_TEAM = 2L6QV2N95T;
				INFOPLIST_FILE = eCommerceAppsUITests/Info.plist;
				LD_RUNPATH_SEARCH_PATHS = "$(inherited) @executable_path/Frameworks @loader_path/Frameworks";
				PRODUCT_BUNDLE_IDENTIFIER = com.luthfifathurrahman.eCommerceAppsUITests;
				PRODUCT_NAME = "$(TARGET_NAME)";
				SWIFT_VERSION = 3.0;
				TEST_TARGET_NAME = eCommerceApps;
			};
			name = Debug;
		};
		CF514A2D1E39EBAE0072889C /* Release */ = {
			isa = XCBuildConfiguration;
			baseConfigurationReference = AE31F2D9534B6186FC284E26 /* Pods-eCommerceAppsUITests.release.xcconfig */;
			buildSettings = {
				ALWAYS_EMBED_SWIFT_STANDARD_LIBRARIES = YES;
				DEVELOPMENT_TEAM = 2L6QV2N95T;
				INFOPLIST_FILE = eCommerceAppsUITests/Info.plist;
				LD_RUNPATH_SEARCH_PATHS = "$(inherited) @executable_path/Frameworks @loader_path/Frameworks";
				PRODUCT_BUNDLE_IDENTIFIER = com.luthfifathurrahman.eCommerceAppsUITests;
				PRODUCT_NAME = "$(TARGET_NAME)";
				SWIFT_VERSION = 3.0;
				TEST_TARGET_NAME = eCommerceApps;
			};
			name = Release;
		};
/* End XCBuildConfiguration section */

/* Begin XCConfigurationList section */
		CF5149F81E39EBAD0072889C /* Build configuration list for PBXProject "eCommerceApps" */ = {
			isa = XCConfigurationList;
			buildConfigurations = (
				CF514A231E39EBAE0072889C /* Debug */,
				CF514A241E39EBAE0072889C /* Release */,
			);
			defaultConfigurationIsVisible = 0;
			defaultConfigurationName = Release;
		};
		CF514A251E39EBAE0072889C /* Build configuration list for PBXNativeTarget "eCommerceApps" */ = {
			isa = XCConfigurationList;
			buildConfigurations = (
				CF514A261E39EBAE0072889C /* Debug */,
				CF514A271E39EBAE0072889C /* Release */,
			);
			defaultConfigurationIsVisible = 0;
			defaultConfigurationName = Release;
		};
		CF514A281E39EBAE0072889C /* Build configuration list for PBXNativeTarget "eCommerceAppsTests" */ = {
			isa = XCConfigurationList;
			buildConfigurations = (
				CF514A291E39EBAE0072889C /* Debug */,
				CF514A2A1E39EBAE0072889C /* Release */,
			);
			defaultConfigurationIsVisible = 0;
			defaultConfigurationName = Release;
		};
		CF514A2B1E39EBAE0072889C /* Build configuration list for PBXNativeTarget "eCommerceAppsUITests" */ = {
			isa = XCConfigurationList;
			buildConfigurations = (
				CF514A2C1E39EBAE0072889C /* Debug */,
				CF514A2D1E39EBAE0072889C /* Release */,
			);
			defaultConfigurationIsVisible = 0;
			defaultConfigurationName = Release;
		};
/* End XCConfigurationList section */
	};
	rootObject = CF5149F51E39EBAD0072889C /* Project object */;
}
